// !$*UTF8*$!
{
	archiveVersion = 1;
	classes = {
	};
	objectVersion = 46;
	objects = {

/* Begin PBXBuildFile section */
		9B78219B19DF9D8700C340C7 /* main.m in Sources */ = {isa = PBXBuildFile; fileRef = 9B78219A19DF9D8700C340C7 /* main.m */; };
		9B78219E19DF9D8700C340C7 /* AppDelegate.m in Sources */ = {isa = PBXBuildFile; fileRef = 9B78219D19DF9D8700C340C7 /* AppDelegate.m */; };
		9B7821A119DF9D8700C340C7 /* ViewController.m in Sources */ = {isa = PBXBuildFile; fileRef = 9B7821A019DF9D8700C340C7 /* ViewController.m */; };
		9B7821A419DF9D8700C340C7 /* Main.storyboard in Resources */ = {isa = PBXBuildFile; fileRef = 9B7821A219DF9D8700C340C7 /* Main.storyboard */; };
		9B7821A619DF9D8700C340C7 /* Images.xcassets in Resources */ = {isa = PBXBuildFile; fileRef = 9B7821A519DF9D8700C340C7 /* Images.xcassets */; };
		9B7821A919DF9D8700C340C7 /* LaunchScreen.xib in Resources */ = {isa = PBXBuildFile; fileRef = 9B7821A719DF9D8700C340C7 /* LaunchScreen.xib */; };
		9B7821B519DF9D8700C340C7 /* DNSCastroSegmentedControlTests.m in Sources */ = {isa = PBXBuildFile; fileRef = 9B7821B419DF9D8700C340C7 /* DNSCastroSegmentedControlTests.m */; };
		9B7821C119DF9DD800C340C7 /* DNSCastroSegmentedControl.m in Sources */ = {isa = PBXBuildFile; fileRef = 9B7821C019DF9DD800C340C7 /* DNSCastroSegmentedControl.m */; };
/* End PBXBuildFile section */

/* Begin PBXContainerItemProxy section */
		9B7821AF19DF9D8700C340C7 /* PBXContainerItemProxy */ = {
			isa = PBXContainerItemProxy;
			containerPortal = 9B78218D19DF9D8700C340C7 /* Project object */;
			proxyType = 1;
			remoteGlobalIDString = 9B78219419DF9D8700C340C7;
			remoteInfo = DNSCastroSegmentedControl;
		};
/* End PBXContainerItemProxy section */

/* Begin PBXFileReference section */
		9B78219519DF9D8700C340C7 /* DNSCastroSegmentedControl.app */ = {isa = PBXFileReference; explicitFileType = wrapper.application; includeInIndex = 0; path = DNSCastroSegmentedControl.app; sourceTree = BUILT_PRODUCTS_DIR; };
		9B78219919DF9D8700C340C7 /* Info.plist */ = {isa = PBXFileReference; lastKnownFileType = text.plist.xml; path = Info.plist; sourceTree = "<group>"; };
		9B78219A19DF9D8700C340C7 /* main.m */ = {isa = PBXFileReference; lastKnownFileType = sourcecode.c.objc; path = main.m; sourceTree = "<group>"; };
		9B78219C19DF9D8700C340C7 /* AppDelegate.h */ = {isa = PBXFileReference; lastKnownFileType = sourcecode.c.h; path = AppDelegate.h; sourceTree = "<group>"; };
		9B78219D19DF9D8700C340C7 /* AppDelegate.m */ = {isa = PBXFileReference; lastKnownFileType = sourcecode.c.objc; path = AppDelegate.m; sourceTree = "<group>"; };
		9B78219F19DF9D8700C340C7 /* ViewController.h */ = {isa = PBXFileReference; lastKnownFileType = sourcecode.c.h; path = ViewController.h; sourceTree = "<group>"; };
		9B7821A019DF9D8700C340C7 /* ViewController.m */ = {isa = PBXFileReference; lastKnownFileType = sourcecode.c.objc; path = ViewController.m; sourceTree = "<group>"; };
		9B7821A319DF9D8700C340C7 /* Base */ = {isa = PBXFileReference; lastKnownFileType = file.storyboard; name = Base; path = Base.lproj/Main.storyboard; sourceTree = "<group>"; };
		9B7821A519DF9D8700C340C7 /* Images.xcassets */ = {isa = PBXFileReference; lastKnownFileType = folder.assetcatalog; path = Images.xcassets; sourceTree = "<group>"; };
		9B7821A819DF9D8700C340C7 /* Base */ = {isa = PBXFileReference; lastKnownFileType = file.xib; name = Base; path = Base.lproj/LaunchScreen.xib; sourceTree = "<group>"; };
		9B7821AE19DF9D8700C340C7 /* DNSCastroSegmentedControlTests.xctest */ = {isa = PBXFileReference; explicitFileType = wrapper.cfbundle; includeInIndex = 0; path = DNSCastroSegmentedControlTests.xctest; sourceTree = BUILT_PRODUCTS_DIR; };
		9B7821B319DF9D8700C340C7 /* Info.plist */ = {isa = PBXFileReference; lastKnownFileType = text.plist.xml; path = Info.plist; sourceTree = "<group>"; };
		9B7821B419DF9D8700C340C7 /* DNSCastroSegmentedControlTests.m */ = {isa = PBXFileReference; lastKnownFileType = sourcecode.c.objc; path = DNSCastroSegmentedControlTests.m; sourceTree = "<group>"; };
		9B7821BF19DF9DD800C340C7 /* DNSCastroSegmentedControl.h */ = {isa = PBXFileReference; fileEncoding = 4; lastKnownFileType = sourcecode.c.h; path = DNSCastroSegmentedControl.h; sourceTree = "<group>"; };
		9B7821C019DF9DD800C340C7 /* DNSCastroSegmentedControl.m */ = {isa = PBXFileReference; fileEncoding = 4; lastKnownFileType = sourcecode.c.objc; path = DNSCastroSegmentedControl.m; sourceTree = "<group>"; };
/* End PBXFileReference section */

/* Begin PBXFrameworksBuildPhase section */
		9B78219219DF9D8700C340C7 /* Frameworks */ = {
			isa = PBXFrameworksBuildPhase;
			buildActionMask = 2147483647;
			files = (
			);
			runOnlyForDeploymentPostprocessing = 0;
		};
		9B7821AB19DF9D8700C340C7 /* Frameworks */ = {
			isa = PBXFrameworksBuildPhase;
			buildActionMask = 2147483647;
			files = (
			);
			runOnlyForDeploymentPostprocessing = 0;
		};
/* End PBXFrameworksBuildPhase section */

/* Begin PBXGroup section */
		9B78218C19DF9D8700C340C7 = {
			isa = PBXGroup;
			children = (
				9B78219719DF9D8700C340C7 /* DNSCastroSegmentedControl */,
				9B7821B119DF9D8700C340C7 /* DNSCastroSegmentedControlTests */,
				9B78219619DF9D8700C340C7 /* Products */,
			);
			sourceTree = "<group>";
		};
		9B78219619DF9D8700C340C7 /* Products */ = {
			isa = PBXGroup;
			children = (
				9B78219519DF9D8700C340C7 /* DNSCastroSegmentedControl.app */,
				9B7821AE19DF9D8700C340C7 /* DNSCastroSegmentedControlTests.xctest */,
			);
			name = Products;
			sourceTree = "<group>";
		};
		9B78219719DF9D8700C340C7 /* DNSCastroSegmentedControl */ = {
			isa = PBXGroup;
			children = (
				9B78219C19DF9D8700C340C7 /* AppDelegate.h */,
				9B78219D19DF9D8700C340C7 /* AppDelegate.m */,
				9B78219F19DF9D8700C340C7 /* ViewController.h */,
				9B7821A019DF9D8700C340C7 /* ViewController.m */,
				9B7821BE19DF9DC900C340C7 /* Library */,
				9B7821A219DF9D8700C340C7 /* Main.storyboard */,
				9B7821A519DF9D8700C340C7 /* Images.xcassets */,
				9B7821A719DF9D8700C340C7 /* LaunchScreen.xib */,
				9B78219819DF9D8700C340C7 /* Supporting Files */,
			);
			path = DNSCastroSegmentedControl;
			sourceTree = "<group>";
		};
		9B78219819DF9D8700C340C7 /* Supporting Files */ = {
			isa = PBXGroup;
			children = (
				9B78219919DF9D8700C340C7 /* Info.plist */,
				9B78219A19DF9D8700C340C7 /* main.m */,
			);
			name = "Supporting Files";
			sourceTree = "<group>";
		};
		9B7821B119DF9D8700C340C7 /* DNSCastroSegmentedControlTests */ = {
			isa = PBXGroup;
			children = (
				9B7821B419DF9D8700C340C7 /* DNSCastroSegmentedControlTests.m */,
				9B7821B219DF9D8700C340C7 /* Supporting Files */,
			);
			path = DNSCastroSegmentedControlTests;
			sourceTree = "<group>";
		};
		9B7821B219DF9D8700C340C7 /* Supporting Files */ = {
			isa = PBXGroup;
			children = (
				9B7821B319DF9D8700C340C7 /* Info.plist */,
			);
			name = "Supporting Files";
			sourceTree = "<group>";
		};
		9B7821BE19DF9DC900C340C7 /* Library */ = {
			isa = PBXGroup;
			children = (
				9B7821BF19DF9DD800C340C7 /* DNSCastroSegmentedControl.h */,
				9B7821C019DF9DD800C340C7 /* DNSCastroSegmentedControl.m */,
			);
			path = Library;
			sourceTree = "<group>";
		};
/* End PBXGroup section */

/* Begin PBXNativeTarget section */
		9B78219419DF9D8700C340C7 /* DNSCastroSegmentedControl */ = {
			isa = PBXNativeTarget;
			buildConfigurationList = 9B7821B819DF9D8700C340C7 /* Build configuration list for PBXNativeTarget "DNSCastroSegmentedControl" */;
			buildPhases = (
				9B78219119DF9D8700C340C7 /* Sources */,
				9B78219219DF9D8700C340C7 /* Frameworks */,
				9B78219319DF9D8700C340C7 /* Resources */,
			);
			buildRules = (
			);
			dependencies = (
			);
			name = DNSCastroSegmentedControl;
			productName = DNSCastroSegmentedControl;
			productReference = 9B78219519DF9D8700C340C7 /* DNSCastroSegmentedControl.app */;
			productType = "com.apple.product-type.application";
		};
		9B7821AD19DF9D8700C340C7 /* DNSCastroSegmentedControlTests */ = {
			isa = PBXNativeTarget;
			buildConfigurationList = 9B7821BB19DF9D8700C340C7 /* Build configuration list for PBXNativeTarget "DNSCastroSegmentedControlTests" */;
			buildPhases = (
				9B7821AA19DF9D8700C340C7 /* Sources */,
				9B7821AB19DF9D8700C340C7 /* Frameworks */,
				9B7821AC19DF9D8700C340C7 /* Resources */,
			);
			buildRules = (
			);
			dependencies = (
				9B7821B019DF9D8700C340C7 /* PBXTargetDependency */,
			);
			name = DNSCastroSegmentedControlTests;
			productName = DNSCastroSegmentedControlTests;
			productReference = 9B7821AE19DF9D8700C340C7 /* DNSCastroSegmentedControlTests.xctest */;
			productType = "com.apple.product-type.bundle.unit-test";
		};
/* End PBXNativeTarget section */

/* Begin PBXProject section */
		9B78218D19DF9D8700C340C7 /* Project object */ = {
			isa = PBXProject;
			attributes = {
				LastUpgradeCheck = 0600;
				ORGANIZATIONNAME = "Designated Nerd Software";
				TargetAttributes = {
					9B78219419DF9D8700C340C7 = {
						CreatedOnToolsVersion = 6.0.1;
					};
					9B7821AD19DF9D8700C340C7 = {
						CreatedOnToolsVersion = 6.0.1;
						TestTargetID = 9B78219419DF9D8700C340C7;
					};
				};
			};
			buildConfigurationList = 9B78219019DF9D8700C340C7 /* Build configuration list for PBXProject "DNSCastroSegmentedControl" */;
			compatibilityVersion = "Xcode 3.2";
			developmentRegion = English;
			hasScannedForEncodings = 0;
			knownRegions = (
				en,
				Base,
			);
			mainGroup = 9B78218C19DF9D8700C340C7;
			productRefGroup = 9B78219619DF9D8700C340C7 /* Products */;
			projectDirPath = "";
			projectRoot = "";
			targets = (
				9B78219419DF9D8700C340C7 /* DNSCastroSegmentedControl */,
				9B7821AD19DF9D8700C340C7 /* DNSCastroSegmentedControlTests */,
			);
		};
/* End PBXProject section */

/* Begin PBXResourcesBuildPhase section */
		9B78219319DF9D8700C340C7 /* Resources */ = {
			isa = PBXResourcesBuildPhase;
			buildActionMask = 2147483647;
			files = (
				9B7821A419DF9D8700C340C7 /* Main.storyboard in Resources */,
				9B7821A919DF9D8700C340C7 /* LaunchScreen.xib in Resources */,
				9B7821A619DF9D8700C340C7 /* Images.xcassets in Resources */,
			);
			runOnlyForDeploymentPostprocessing = 0;
		};
		9B7821AC19DF9D8700C340C7 /* Resources */ = {
			isa = PBXResourcesBuildPhase;
			buildActionMask = 2147483647;
			files = (
			);
			runOnlyForDeploymentPostprocessing = 0;
		};
/* End PBXResourcesBuildPhase section */

/* Begin PBXSourcesBuildPhase section */
		9B78219119DF9D8700C340C7 /* Sources */ = {
			isa = PBXSourcesBuildPhase;
			buildActionMask = 2147483647;
			files = (
				9B7821C119DF9DD800C340C7 /* DNSCastroSegmentedControl.m in Sources */,
				9B7821A119DF9D8700C340C7 /* ViewController.m in Sources */,
				9B78219E19DF9D8700C340C7 /* AppDelegate.m in Sources */,
				9B78219B19DF9D8700C340C7 /* main.m in Sources */,
			);
			runOnlyForDeploymentPostprocessing = 0;
		};
		9B7821AA19DF9D8700C340C7 /* Sources */ = {
			isa = PBXSourcesBuildPhase;
			buildActionMask = 2147483647;
			files = (
				9B7821B519DF9D8700C340C7 /* DNSCastroSegmentedControlTests.m in Sources */,
			);
			runOnlyForDeploymentPostprocessing = 0;
		};
/* End PBXSourcesBuildPhase section */

/* Begin PBXTargetDependency section */
		9B7821B019DF9D8700C340C7 /* PBXTargetDependency */ = {
			isa = PBXTargetDependency;
			target = 9B78219419DF9D8700C340C7 /* DNSCastroSegmentedControl */;
			targetProxy = 9B7821AF19DF9D8700C340C7 /* PBXContainerItemProxy */;
		};
/* End PBXTargetDependency section */

/* Begin PBXVariantGroup section */
		9B7821A219DF9D8700C340C7 /* Main.storyboard */ = {
			isa = PBXVariantGroup;
			children = (
				9B7821A319DF9D8700C340C7 /* Base */,
			);
			name = Main.storyboard;
			sourceTree = "<group>";
		};
		9B7821A719DF9D8700C340C7 /* LaunchScreen.xib */ = {
			isa = PBXVariantGroup;
			children = (
				9B7821A819DF9D8700C340C7 /* Base */,
			);
			name = LaunchScreen.xib;
			sourceTree = "<group>";
		};
/* End PBXVariantGroup section */

/* Begin XCBuildConfiguration section */
		9B7821B619DF9D8700C340C7 /* Debug */ = {
			isa = XCBuildConfiguration;
			buildSettings = {
				ALWAYS_SEARCH_USER_PATHS = NO;
				CLANG_CXX_LANGUAGE_STANDARD = "gnu++0x";
				CLANG_CXX_LIBRARY = "libc++";
				CLANG_ENABLE_MODULES = YES;
				CLANG_ENABLE_OBJC_ARC = YES;
				CLANG_WARN_BOOL_CONVERSION = YES;
				CLANG_WARN_CONSTANT_CONVERSION = YES;
				CLANG_WARN_DIRECT_OBJC_ISA_USAGE = YES_ERROR;
				CLANG_WARN_EMPTY_BODY = YES;
				CLANG_WARN_ENUM_CONVERSION = YES;
				CLANG_WARN_INT_CONVERSION = YES;
				CLANG_WARN_OBJC_ROOT_CLASS = YES_ERROR;
				CLANG_WARN_UNREACHABLE_CODE = YES;
				CLANG_WARN__DUPLICATE_METHOD_MATCH = YES;
				"CODE_SIGN_IDENTITY[sdk=iphoneos*]" = "iPhone Developer";
				COPY_PHASE_STRIP = NO;
				ENABLE_STRICT_OBJC_MSGSEND = YES;
				GCC_C_LANGUAGE_STANDARD = gnu99;
				GCC_DYNAMIC_NO_PIC = NO;
				GCC_OPTIMIZATION_LEVEL = 0;
				GCC_PREPROCESSOR_DEFINITIONS = (
					"DEBUG=1",
					"$(inherited)",
				);
				GCC_SYMBOLS_PRIVATE_EXTERN = NO;
				GCC_WARN_64_TO_32_BIT_CONVERSION = YES;
				GCC_WARN_ABOUT_RETURN_TYPE = YES_ERROR;
				GCC_WARN_UNDECLARED_SELECTOR = YES;
				GCC_WARN_UNINITIALIZED_AUTOS = YES_AGGRESSIVE;
				GCC_WARN_UNUSED_FUNCTION = YES;
				GCC_WARN_UNUSED_VARIABLE = YES;
				IPHONEOS_DEPLOYMENT_TARGET = 8.0;
				MTL_ENABLE_DEBUG_INFO = YES;
				ONLY_ACTIVE_ARCH = YES;
				SDKROOT = iphoneos;
			};
			name = Debug;
		};
		9B7821B719DF9D8700C340C7 /* Release */ = {
			isa = XCBuildConfiguration;
			buildSettings = {
				ALWAYS_SEARCH_USER_PATHS = NO;
				CLANG_CXX_LANGUAGE_STANDARD = "gnu++0x";
				CLANG_CXX_LIBRARY = "libc++";
				CLANG_ENABLE_MODULES = YES;
				CLANG_ENABLE_OBJC_ARC = YES;
				CLANG_WARN_BOOL_CONVERSION = YES;
				CLANG_WARN_CONSTANT_CONVERSION = YES;
				CLANG_WARN_DIRECT_OBJC_ISA_USAGE = YES_ERROR;
				CLANG_WARN_EMPTY_BODY = YES;
				CLANG_WARN_ENUM_CONVERSION = YES;
				CLANG_WARN_INT_CONVERSION = YES;
				CLANG_WARN_OBJC_ROOT_CLASS = YES_ERROR;
				CLANG_WARN_UNREACHABLE_CODE = YES;
				CLANG_WARN__DUPLICATE_METHOD_MATCH = YES;
				"CODE_SIGN_IDENTITY[sdk=iphoneos*]" = "iPhone Developer";
				COPY_PHASE_STRIP = YES;
				ENABLE_NS_ASSERTIONS = NO;
				ENABLE_STRICT_OBJC_MSGSEND = YES;
				GCC_C_LANGUAGE_STANDARD = gnu99;
				GCC_WARN_64_TO_32_BIT_CONVERSION = YES;
				GCC_WARN_ABOUT_RETURN_TYPE = YES_ERROR;
				GCC_WARN_UNDECLARED_SELECTOR = YES;
				GCC_WARN_UNINITIALIZED_AUTOS = YES_AGGRESSIVE;
				GCC_WARN_UNUSED_FUNCTION = YES;
				GCC_WARN_UNUSED_VARIABLE = YES;
				IPHONEOS_DEPLOYMENT_TARGET = 8.0;
				MTL_ENABLE_DEBUG_INFO = NO;
				SDKROOT = iphoneos;
				VALIDATE_PRODUCT = YES;
			};
			name = Release;
		};
		9B7821B919DF9D8700C340C7 /* Debug */ = {
			isa = XCBuildConfiguration;
			buildSettings = {
				ASSETCATALOG_COMPILER_APPICON_NAME = AppIcon;
				INFOPLIST_FILE = DNSCastroSegmentedControl/Info.plist;
				LD_RUNPATH_SEARCH_PATHS = "$(inherited) @executable_path/Frameworks";
				PRODUCT_NAME = "$(TARGET_NAME)";
			};
			name = Debug;
		};
		9B7821BA19DF9D8700C340C7 /* Release */ = {
			isa = XCBuildConfiguration;
			buildSettings = {
				ASSETCATALOG_COMPILER_APPICON_NAME = AppIcon;
				INFOPLIST_FILE = DNSCastroSegmentedControl/Info.plist;
				LD_RUNPATH_SEARCH_PATHS = "$(inherited) @executable_path/Frameworks";
				PRODUCT_NAME = "$(TARGET_NAME)";
			};
			name = Release;
		};
		9B7821BC19DF9D8700C340C7 /* Debug */ = {
			isa = XCBuildConfiguration;
			buildSettings = {
				BUNDLE_LOADER = "$(TEST_HOST)";
				FRAMEWORK_SEARCH_PATHS = (
					"$(SDKROOT)/Developer/Library/Frameworks",
					"$(inherited)",
				);
				GCC_PREPROCESSOR_DEFINITIONS = (
					"DEBUG=1",
					"$(inherited)",
				);
				INFOPLIST_FILE = DNSCastroSegmentedControlTests/Info.plist;
				LD_RUNPATH_SEARCH_PATHS = "$(inherited) @executable_path/Frameworks @loader_path/Frameworks";
				PRODUCT_NAME = "$(TARGET_NAME)";
				TEST_HOST = "$(BUILT_PRODUCTS_DIR)/DNSCastroSegmentedControl.app/DNSCastroSegmentedControl";
			};
			name = Debug;
		};
		9B7821BD19DF9D8700C340C7 /* Release */ = {
			isa = XCBuildConfiguration;
			buildSettings = {
				BUNDLE_LOADER = "$(TEST_HOST)";
				FRAMEWORK_SEARCH_PATHS = (
					"$(SDKROOT)/Developer/Library/Frameworks",
					"$(inherited)",
				);
				INFOPLIST_FILE = DNSCastroSegmentedControlTests/Info.plist;
				LD_RUNPATH_SEARCH_PATHS = "$(inherited) @executable_path/Frameworks @loader_path/Frameworks";
				PRODUCT_NAME = "$(TARGET_NAME)";
				TEST_HOST = "$(BUILT_PRODUCTS_DIR)/DNSCastroSegmentedControl.app/DNSCastroSegmentedControl";
			};
			name = Release;
		};
/* End XCBuildConfiguration section */

/* Begin XCConfigurationList section */
		9B78219019DF9D8700C340C7 /* Build configuration list for PBXProject "DNSCastroSegmentedControl" */ = {
			isa = XCConfigurationList;
			buildConfigurations = (
				9B7821B619DF9D8700C340C7 /* Debug */,
				9B7821B719DF9D8700C340C7 /* Release */,
			);
			defaultConfigurationIsVisible = 0;
			defaultConfigurationName = Release;
		};
		9B7821B819DF9D8700C340C7 /* Build configuration list for PBXNativeTarget "DNSCastroSegmentedControl" */ = {
			isa = XCConfigurationList;
			buildConfigurations = (
				9B7821B919DF9D8700C340C7 /* Debug */,
				9B7821BA19DF9D8700C340C7 /* Release */,
			);
			defaultConfigurationIsVisible = 0;
		};
		9B7821BB19DF9D8700C340C7 /* Build configuration list for PBXNativeTarget "DNSCastroSegmentedControlTests" */ = {
			isa = XCConfigurationList;
			buildConfigurations = (
				9B7821BC19DF9D8700C340C7 /* Debug */,
				9B7821BD19DF9D8700C340C7 /* Release */,
			);
			defaultConfigurationIsVisible = 0;
		};
/* End XCConfigurationList section */
	};
	rootObject = 9B78218D19DF9D8700C340C7 /* Project object */;
}
